github.com/kalledk/go-jbank v0.0.0-20190203222446-391df29ffaba h1:fCYT9u5YRe1ELX0vh6vWwaZ5WwLhePG8t7o6vKvwxmU=
github.com/kalledk/go-jbank v0.0.0-20190203222446-391df29ffaba/go.mod h1:5lns0jyKqefYLdtDJOCDuvw1z3mIQ72qzKCVAnurV8A=
github.com/kalledk/go-ynab v0.0.0-20190203223204-5ef4fd124586 h1:Q3cr1SwjwlVpxea09J9J7Q300d65Ej9aoON6ICeMtSw=
